// !$*UTF8*$!
{
	archiveVersion = 1;
	classes = {
	};
	objectVersion = 52;
	objects = {

/* Begin PBXBuildFile section */
		4C1B17F825F387D70055C16C /* ArticleViewController.swift in Sources */ = {isa = PBXBuildFile; fileRef = 4C1B17F725F387D70055C16C /* ArticleViewController.swift */; };
		4C1B17FD25F38BED0055C16C /* BeanArticle.swift in Sources */ = {isa = PBXBuildFile; fileRef = 4C1B17FC25F38BED0055C16C /* BeanArticle.swift */; };
		4C1B180225F39B900055C16C /* CellArticleDetail.swift in Sources */ = {isa = PBXBuildFile; fileRef = 4C1B180125F39B900055C16C /* CellArticleDetail.swift */; };
		4C38393125F5123400A8294E /* ArticleWebViewController.swift in Sources */ = {isa = PBXBuildFile; fileRef = 4C38393025F5123400A8294E /* ArticleWebViewController.swift */; };
		4C3B073525FC836A00B35421 /* DDPaddingLabel.swift in Sources */ = {isa = PBXBuildFile; fileRef = 4C3B073425FC836A00B35421 /* DDPaddingLabel.swift */; };
		4C4050222610860400B51745 /* ZFMultiTabPageViewController.swift in Sources */ = {isa = PBXBuildFile; fileRef = 4C4050202610860400B51745 /* ZFMultiTabPageViewController.swift */; };
		4C4050232610860400B51745 /* ZFMultiTabChildPageViewController.swift in Sources */ = {isa = PBXBuildFile; fileRef = 4C4050212610860400B51745 /* ZFMultiTabChildPageViewController.swift */; };
		4C405029261086EB00B51745 /* ZFCommonTabItemCell.swift in Sources */ = {isa = PBXBuildFile; fileRef = 4C405027261086EB00B51745 /* ZFCommonTabItemCell.swift */; };
		4C40502A261086EB00B51745 /* ZFCommonTabScrollView.swift in Sources */ = {isa = PBXBuildFile; fileRef = 4C405028261086EB00B51745 /* ZFCommonTabScrollView.swift */; };
		4C40502F2610885000B51745 /* ZFDemoViewController.swift in Sources */ = {isa = PBXBuildFile; fileRef = 4C40502E2610885000B51745 /* ZFDemoViewController.swift */; };
		4C4050352610895400B51745 /* ZFMultipleTabView.swift in Sources */ = {isa = PBXBuildFile; fileRef = 4C4050332610895400B51745 /* ZFMultipleTabView.swift */; };
		4C4050362610895400B51745 /* ZFMultipleTabViewConfig.swift in Sources */ = {isa = PBXBuildFile; fileRef = 4C4050342610895400B51745 /* ZFMultipleTabViewConfig.swift */; };
		4C40503C261089E900B51745 /* UIView+Utility.swift in Sources */ = {isa = PBXBuildFile; fileRef = 4C40503A261089E800B51745 /* UIView+Utility.swift */; };
		4C40503D261089E900B51745 /* String+Utility.swift in Sources */ = {isa = PBXBuildFile; fileRef = 4C40503B261089E800B51745 /* String+Utility.swift */; };
		4C40504226108A9500B51745 /* BlackViewController.swift in Sources */ = {isa = PBXBuildFile; fileRef = 4C40504126108A9500B51745 /* BlackViewController.swift */; };
		4C48E41726109D890061B0B0 /* JXPagingViewRTLCompatible.swift in Sources */ = {isa = PBXBuildFile; fileRef = 4C48E41626109D890061B0B0 /* JXPagingViewRTLCompatible.swift */; };
		4C48E42D2610BF7D0061B0B0 /* LoadDataCustomListViewController.swift in Sources */ = {isa = PBXBuildFile; fileRef = 4C48E42C2610BF7D0061B0B0 /* LoadDataCustomListViewController.swift */; };
		4C48E4322610C00A0061B0B0 /* PagingListBaseCell.swift in Sources */ = {isa = PBXBuildFile; fileRef = 4C48E4312610C00A0061B0B0 /* PagingListBaseCell.swift */; };
		4C48E4372610C2C30061B0B0 /* LoadDataViewController.swift in Sources */ = {isa = PBXBuildFile; fileRef = 4C48E4362610C2C30061B0B0 /* LoadDataViewController.swift */; };
		4C48E43C2610C2F00061B0B0 /* LoadDataListViewController.swift in Sources */ = {isa = PBXBuildFile; fileRef = 4C48E43B2610C2F00061B0B0 /* LoadDataListViewController.swift */; };
		4C824B03260F2D2B001F0654 /* CouponsResult.swift in Sources */ = {isa = PBXBuildFile; fileRef = 4C824B00260F2D2B001F0654 /* CouponsResult.swift */; };
		4C824B04260F2D2B001F0654 /* CouponsTbkTpwdCreateResponse.swift in Sources */ = {isa = PBXBuildFile; fileRef = 4C824B01260F2D2B001F0654 /* CouponsTbkTpwdCreateResponse.swift */; };
		4C824B05260F2D2B001F0654 /* CouponsData.swift in Sources */ = {isa = PBXBuildFile; fileRef = 4C824B02260F2D2B001F0654 /* CouponsData.swift */; };
		4C824B0A260F2D97001F0654 /* CouponsPara.swift in Sources */ = {isa = PBXBuildFile; fileRef = 4C824B09260F2D97001F0654 /* CouponsPara.swift */; };
		4C824B10260F479D001F0654 /* SimpleButton in Frameworks */ = {isa = PBXBuildFile; productRef = 4C824B0F260F479D001F0654 /* SimpleButton */; };
		4C8470FD260EC394008C5B48 /* GoodsDetailControllerViewController.swift in Sources */ = {isa = PBXBuildFile; fileRef = 4C8470FC260EC394008C5B48 /* GoodsDetailControllerViewController.swift */; };
		4C97417B25F66FE4000C1B8B /* MainViewController.swift in Sources */ = {isa = PBXBuildFile; fileRef = 4C97417A25F66FE4000C1B8B /* MainViewController.swift */; };
		4C97418325F6707E000C1B8B /* HomeViewController.swift in Sources */ = {isa = PBXBuildFile; fileRef = 4C97418225F6707E000C1B8B /* HomeViewController.swift */; };
		4C97418825F671E5000C1B8B /* ActivityViewController.swift in Sources */ = {isa = PBXBuildFile; fileRef = 4C97418725F671E5000C1B8B /* ActivityViewController.swift */; };
		4C97418D25F67264000C1B8B /* FindViewController.swift in Sources */ = {isa = PBXBuildFile; fileRef = 4C97418C25F67264000C1B8B /* FindViewController.swift */; };
		4C97419225F67270000C1B8B /* CeViewController.swift in Sources */ = {isa = PBXBuildFile; fileRef = 4C97419125F67270000C1B8B /* CeViewController.swift */; };
		4C97419725F6727E000C1B8B /* MeViewController.swift in Sources */ = {isa = PBXBuildFile; fileRef = 4C97419625F6727E000C1B8B /* MeViewController.swift */; };
		4C9F006325F26325007BCEB0 /* ApiConstant.swift in Sources */ = {isa = PBXBuildFile; fileRef = 4C9F006225F26325007BCEB0 /* ApiConstant.swift */; };
		4C9F006925F264CD007BCEB0 /* BeanWxList.swift in Sources */ = {isa = PBXBuildFile; fileRef = 4C9F006825F264CD007BCEB0 /* BeanWxList.swift */; };
		4C9F007125F2684C007BCEB0 /* WxListController.swift in Sources */ = {isa = PBXBuildFile; fileRef = 4C9F007025F2684C007BCEB0 /* WxListController.swift */; };
		4C9F007625F26CA5007BCEB0 /* CellWxAuthor.swift in Sources */ = {isa = PBXBuildFile; fileRef = 4C9F007525F26CA5007BCEB0 /* CellWxAuthor.swift */; };
		4CAC163B25FF928C0099F8F6 /* UITableView+Extension.swift in Sources */ = {isa = PBXBuildFile; fileRef = 4CAC163A25FF928C0099F8F6 /* UITableView+Extension.swift */; };
		4CB538DF260ECB8C00569649 /* ZCycleLayout.swift in Sources */ = {isa = PBXBuildFile; fileRef = 4CB538DE260ECB8C00569649 /* ZCycleLayout.swift */; };
		4CB538E4260ECBD400569649 /* ZCycleView.swift in Sources */ = {isa = PBXBuildFile; fileRef = 4CB538E3260ECBD400569649 /* ZCycleView.swift */; };
		4CB538E9260ECC0200569649 /* ZPageControl.swift in Sources */ = {isa = PBXBuildFile; fileRef = 4CB538E8260ECC0200569649 /* ZPageControl.swift */; };
		4CB538EE260ECD3000569649 /* CustomCollectionViewCell.swift in Sources */ = {isa = PBXBuildFile; fileRef = 4CB538ED260ECD3000569649 /* CustomCollectionViewCell.swift */; };
		4CDEE83025F8FD7C00AA395F /* BaseViewController.swift in Sources */ = {isa = PBXBuildFile; fileRef = 4CDEE82F25F8FD7C00AA395F /* BaseViewController.swift */; };
		4CDEE83525F8FE7200AA395F /* CustomNavigationControllerViewController.swift in Sources */ = {isa = PBXBuildFile; fileRef = 4CDEE83425F8FE7200AA395F /* CustomNavigationControllerViewController.swift */; };
		4CE2233D26023DE100F4C43D /* AppFontUtils.swift in Sources */ = {isa = PBXBuildFile; fileRef = 4CE2233C26023DE100F4C43D /* AppFontUtils.swift */; };
		4CEC695E25FBA5AF00D70B7E /* UnionApi.swift in Sources */ = {isa = PBXBuildFile; fileRef = 4CEC695D25FBA5AF00D70B7E /* UnionApi.swift */; };
		4CEC696B25FBA69300D70B7E /* PreferentialViewController.swift in Sources */ = {isa = PBXBuildFile; fileRef = 4CEC696A25FBA69300D70B7E /* PreferentialViewController.swift */; };
		4CEC697D25FBA95A00D70B7E /* RootClass.swift in Sources */ = {isa = PBXBuildFile; fileRef = 4CEC697725FBA95900D70B7E /* RootClass.swift */; };
		4CEC699925FBAEF300D70B7E /* PreferentialCellTableViewCell.swift in Sources */ = {isa = PBXBuildFile; fileRef = 4CEC699825FBAEF300D70B7E /* PreferentialCellTableViewCell.swift */; };
		4CF48B8725F130F900188AE5 /* AppDelegate.swift in Sources */ = {isa = PBXBuildFile; fileRef = 4CF48B8625F130F900188AE5 /* AppDelegate.swift */; };
		4CF48B8925F130F900188AE5 /* SceneDelegate.swift in Sources */ = {isa = PBXBuildFile; fileRef = 4CF48B8825F130F900188AE5 /* SceneDelegate.swift */; };
		4CF48B8B25F130F900188AE5 /* ViewController.swift in Sources */ = {isa = PBXBuildFile; fileRef = 4CF48B8A25F130F900188AE5 /* ViewController.swift */; };
		4CF48B9025F130F900188AE5 /* Assets.xcassets in Resources */ = {isa = PBXBuildFile; fileRef = 4CF48B8F25F130F900188AE5 /* Assets.xcassets */; };
		4CF48B9325F130F900188AE5 /* LaunchScreen.storyboard in Resources */ = {isa = PBXBuildFile; fileRef = 4CF48B9125F130F900188AE5 /* LaunchScreen.storyboard */; };
		4CF48B9E25F130F900188AE5 /* uitableTests.swift in Sources */ = {isa = PBXBuildFile; fileRef = 4CF48B9D25F130F900188AE5 /* uitableTests.swift */; };
		4CF48BA925F130F900188AE5 /* uitableUITests.swift in Sources */ = {isa = PBXBuildFile; fileRef = 4CF48BA825F130F900188AE5 /* uitableUITests.swift */; };
		4CF48BCE25F1333500188AE5 /* CellLoopDetail.swift in Sources */ = {isa = PBXBuildFile; fileRef = 4CF48BCD25F1333500188AE5 /* CellLoopDetail.swift */; };
		4CF48BD325F1337B00188AE5 /* ColorUtils.swift in Sources */ = {isa = PBXBuildFile; fileRef = 4CF48BD225F1337B00188AE5 /* ColorUtils.swift */; };
		4CF48BD825F133E200188AE5 /* WeatherResponse.swift in Sources */ = {isa = PBXBuildFile; fileRef = 4CF48BD725F133E200188AE5 /* WeatherResponse.swift */; };
		FE43D740741E68CE240C7BF4 /* Pods_uitable.framework in Frameworks */ = {isa = PBXBuildFile; fileRef = FE19EF4FD03746375445EFDE /* Pods_uitable.framework */; };
/* End PBXBuildFile section */

/* Begin PBXContainerItemProxy section */
		4CF48B9A25F130F900188AE5 /* PBXContainerItemProxy */ = {
			isa = PBXContainerItemProxy;
			containerPortal = 4CF48B7B25F130F800188AE5 /* Project object */;
			proxyType = 1;
			remoteGlobalIDString = 4CF48B8225F130F900188AE5;
			remoteInfo = uitable;
		};
		4CF48BA525F130F900188AE5 /* PBXContainerItemProxy */ = {
			isa = PBXContainerItemProxy;
			containerPortal = 4CF48B7B25F130F800188AE5 /* Project object */;
			proxyType = 1;
			remoteGlobalIDString = 4CF48B8225F130F900188AE5;
			remoteInfo = uitable;
		};
/* End PBXContainerItemProxy section */

/* Begin PBXFileReference section */
		0E50B26EAE7EE38975195D2B /* Pods-uitable.debug.xcconfig */ = {isa = PBXFileReference; includeInIndex = 1; lastKnownFileType = text.xcconfig; name = "Pods-uitable.debug.xcconfig"; path = "Target Support Files/Pods-uitable/Pods-uitable.debug.xcconfig"; sourceTree = "<group>"; };
		4C1B17F725F387D70055C16C /* ArticleViewController.swift */ = {isa = PBXFileReference; lastKnownFileType = sourcecode.swift; path = ArticleViewController.swift; sourceTree = "<group>"; };
		4C1B17FC25F38BED0055C16C /* BeanArticle.swift */ = {isa = PBXFileReference; lastKnownFileType = sourcecode.swift; path = BeanArticle.swift; sourceTree = "<group>"; };
		4C1B180125F39B900055C16C /* CellArticleDetail.swift */ = {isa = PBXFileReference; lastKnownFileType = sourcecode.swift; path = CellArticleDetail.swift; sourceTree = "<group>"; };
		4C38393025F5123400A8294E /* ArticleWebViewController.swift */ = {isa = PBXFileReference; lastKnownFileType = sourcecode.swift; path = ArticleWebViewController.swift; sourceTree = "<group>"; };
		4C3B073425FC836A00B35421 /* DDPaddingLabel.swift */ = {isa = PBXFileReference; lastKnownFileType = sourcecode.swift; path = DDPaddingLabel.swift; sourceTree = "<group>"; };
		4C4050202610860400B51745 /* ZFMultiTabPageViewController.swift */ = {isa = PBXFileReference; fileEncoding = 4; lastKnownFileType = sourcecode.swift; path = ZFMultiTabPageViewController.swift; sourceTree = "<group>"; };
		4C4050212610860400B51745 /* ZFMultiTabChildPageViewController.swift */ = {isa = PBXFileReference; fileEncoding = 4; lastKnownFileType = sourcecode.swift; path = ZFMultiTabChildPageViewController.swift; sourceTree = "<group>"; };
		4C405027261086EB00B51745 /* ZFCommonTabItemCell.swift */ = {isa = PBXFileReference; fileEncoding = 4; lastKnownFileType = sourcecode.swift; path = ZFCommonTabItemCell.swift; sourceTree = "<group>"; };
		4C405028261086EB00B51745 /* ZFCommonTabScrollView.swift */ = {isa = PBXFileReference; fileEncoding = 4; lastKnownFileType = sourcecode.swift; path = ZFCommonTabScrollView.swift; sourceTree = "<group>"; };
		4C40502E2610885000B51745 /* ZFDemoViewController.swift */ = {isa = PBXFileReference; fileEncoding = 4; lastKnownFileType = sourcecode.swift; path = ZFDemoViewController.swift; sourceTree = "<group>"; };
		4C4050332610895400B51745 /* ZFMultipleTabView.swift */ = {isa = PBXFileReference; fileEncoding = 4; lastKnownFileType = sourcecode.swift; path = ZFMultipleTabView.swift; sourceTree = "<group>"; };
		4C4050342610895400B51745 /* ZFMultipleTabViewConfig.swift */ = {isa = PBXFileReference; fileEncoding = 4; lastKnownFileType = sourcecode.swift; path = ZFMultipleTabViewConfig.swift; sourceTree = "<group>"; };
		4C40503A261089E800B51745 /* UIView+Utility.swift */ = {isa = PBXFileReference; fileEncoding = 4; lastKnownFileType = sourcecode.swift; path = "UIView+Utility.swift"; sourceTree = "<group>"; };
		4C40503B261089E800B51745 /* String+Utility.swift */ = {isa = PBXFileReference; fileEncoding = 4; lastKnownFileType = sourcecode.swift; path = "String+Utility.swift"; sourceTree = "<group>"; };
		4C40504126108A9500B51745 /* BlackViewController.swift */ = {isa = PBXFileReference; lastKnownFileType = sourcecode.swift; path = BlackViewController.swift; sourceTree = "<group>"; };
		4C48E41626109D890061B0B0 /* JXPagingViewRTLCompatible.swift */ = {isa = PBXFileReference; lastKnownFileType = sourcecode.swift; path = JXPagingViewRTLCompatible.swift; sourceTree = "<group>"; };
		4C48E42C2610BF7D0061B0B0 /* LoadDataCustomListViewController.swift */ = {isa = PBXFileReference; fileEncoding = 4; lastKnownFileType = sourcecode.swift; path = LoadDataCustomListViewController.swift; sourceTree = "<group>"; };
		4C48E4312610C00A0061B0B0 /* PagingListBaseCell.swift */ = {isa = PBXFileReference; fileEncoding = 4; lastKnownFileType = sourcecode.swift; path = PagingListBaseCell.swift; sourceTree = "<group>"; };
		4C48E4362610C2C30061B0B0 /* LoadDataViewController.swift */ = {isa = PBXFileReference; fileEncoding = 4; lastKnownFileType = sourcecode.swift; path = LoadDataViewController.swift; sourceTree = "<group>"; };
		4C48E43B2610C2F00061B0B0 /* LoadDataListViewController.swift */ = {isa = PBXFileReference; fileEncoding = 4; lastKnownFileType = sourcecode.swift; path = LoadDataListViewController.swift; sourceTree = "<group>"; };
		4C824B00260F2D2B001F0654 /* CouponsResult.swift */ = {isa = PBXFileReference; fileEncoding = 4; lastKnownFileType = sourcecode.swift; path = CouponsResult.swift; sourceTree = "<group>"; };
		4C824B01260F2D2B001F0654 /* CouponsTbkTpwdCreateResponse.swift */ = {isa = PBXFileReference; fileEncoding = 4; lastKnownFileType = sourcecode.swift; path = CouponsTbkTpwdCreateResponse.swift; sourceTree = "<group>"; };
		4C824B02260F2D2B001F0654 /* CouponsData.swift */ = {isa = PBXFileReference; fileEncoding = 4; lastKnownFileType = sourcecode.swift; path = CouponsData.swift; sourceTree = "<group>"; };
		4C824B09260F2D97001F0654 /* CouponsPara.swift */ = {isa = PBXFileReference; lastKnownFileType = sourcecode.swift; path = CouponsPara.swift; sourceTree = "<group>"; };
		4C8470FC260EC394008C5B48 /* GoodsDetailControllerViewController.swift */ = {isa = PBXFileReference; lastKnownFileType = sourcecode.swift; path = GoodsDetailControllerViewController.swift; sourceTree = "<group>"; };
		4C97417A25F66FE4000C1B8B /* MainViewController.swift */ = {isa = PBXFileReference; lastKnownFileType = sourcecode.swift; path = MainViewController.swift; sourceTree = "<group>"; };
		4C97418225F6707E000C1B8B /* HomeViewController.swift */ = {isa = PBXFileReference; lastKnownFileType = sourcecode.swift; path = HomeViewController.swift; sourceTree = "<group>"; };
		4C97418725F671E5000C1B8B /* ActivityViewController.swift */ = {isa = PBXFileReference; lastKnownFileType = sourcecode.swift; path = ActivityViewController.swift; sourceTree = "<group>"; };
		4C97418C25F67264000C1B8B /* FindViewController.swift */ = {isa = PBXFileReference; lastKnownFileType = sourcecode.swift; path = FindViewController.swift; sourceTree = "<group>"; };
		4C97419125F67270000C1B8B /* CeViewController.swift */ = {isa = PBXFileReference; lastKnownFileType = sourcecode.swift; path = CeViewController.swift; sourceTree = "<group>"; };
		4C97419625F6727E000C1B8B /* MeViewController.swift */ = {isa = PBXFileReference; lastKnownFileType = sourcecode.swift; path = MeViewController.swift; sourceTree = "<group>"; };
		4C9F006225F26325007BCEB0 /* ApiConstant.swift */ = {isa = PBXFileReference; lastKnownFileType = sourcecode.swift; path = ApiConstant.swift; sourceTree = "<group>"; };
		4C9F006825F264CD007BCEB0 /* BeanWxList.swift */ = {isa = PBXFileReference; lastKnownFileType = sourcecode.swift; path = BeanWxList.swift; sourceTree = "<group>"; };
		4C9F007025F2684C007BCEB0 /* WxListController.swift */ = {isa = PBXFileReference; lastKnownFileType = sourcecode.swift; path = WxListController.swift; sourceTree = "<group>"; };
		4C9F007525F26CA5007BCEB0 /* CellWxAuthor.swift */ = {isa = PBXFileReference; lastKnownFileType = sourcecode.swift; path = CellWxAuthor.swift; sourceTree = "<group>"; };
		4CAC163A25FF928C0099F8F6 /* UITableView+Extension.swift */ = {isa = PBXFileReference; fileEncoding = 4; lastKnownFileType = sourcecode.swift; path = "UITableView+Extension.swift"; sourceTree = "<group>"; };
		4CB538DE260ECB8C00569649 /* ZCycleLayout.swift */ = {isa = PBXFileReference; lastKnownFileType = sourcecode.swift; path = ZCycleLayout.swift; sourceTree = "<group>"; };
		4CB538E3260ECBD400569649 /* ZCycleView.swift */ = {isa = PBXFileReference; lastKnownFileType = sourcecode.swift; path = ZCycleView.swift; sourceTree = "<group>"; };
		4CB538E8260ECC0200569649 /* ZPageControl.swift */ = {isa = PBXFileReference; lastKnownFileType = sourcecode.swift; path = ZPageControl.swift; sourceTree = "<group>"; };
		4CB538ED260ECD3000569649 /* CustomCollectionViewCell.swift */ = {isa = PBXFileReference; lastKnownFileType = sourcecode.swift; path = CustomCollectionViewCell.swift; sourceTree = "<group>"; };
		4CDEE82F25F8FD7C00AA395F /* BaseViewController.swift */ = {isa = PBXFileReference; lastKnownFileType = sourcecode.swift; path = BaseViewController.swift; sourceTree = "<group>"; };
		4CDEE83425F8FE7200AA395F /* CustomNavigationControllerViewController.swift */ = {isa = PBXFileReference; lastKnownFileType = sourcecode.swift; path = CustomNavigationControllerViewController.swift; sourceTree = "<group>"; };
		4CE2233C26023DE100F4C43D /* AppFontUtils.swift */ = {isa = PBXFileReference; lastKnownFileType = sourcecode.swift; path = AppFontUtils.swift; sourceTree = "<group>"; };
		4CEC695D25FBA5AF00D70B7E /* UnionApi.swift */ = {isa = PBXFileReference; lastKnownFileType = sourcecode.swift; path = UnionApi.swift; sourceTree = "<group>"; };
		4CEC696A25FBA69300D70B7E /* PreferentialViewController.swift */ = {isa = PBXFileReference; lastKnownFileType = sourcecode.swift; path = PreferentialViewController.swift; sourceTree = "<group>"; };
		4CEC697725FBA95900D70B7E /* RootClass.swift */ = {isa = PBXFileReference; fileEncoding = 4; lastKnownFileType = sourcecode.swift; path = RootClass.swift; sourceTree = "<group>"; };
		4CEC699825FBAEF300D70B7E /* PreferentialCellTableViewCell.swift */ = {isa = PBXFileReference; lastKnownFileType = sourcecode.swift; path = PreferentialCellTableViewCell.swift; sourceTree = "<group>"; };
		4CF48B8325F130F900188AE5 /* uitable.app */ = {isa = PBXFileReference; explicitFileType = wrapper.application; includeInIndex = 0; path = uitable.app; sourceTree = BUILT_PRODUCTS_DIR; };
		4CF48B8625F130F900188AE5 /* AppDelegate.swift */ = {isa = PBXFileReference; lastKnownFileType = sourcecode.swift; path = AppDelegate.swift; sourceTree = "<group>"; };
		4CF48B8825F130F900188AE5 /* SceneDelegate.swift */ = {isa = PBXFileReference; lastKnownFileType = sourcecode.swift; path = SceneDelegate.swift; sourceTree = "<group>"; };
		4CF48B8A25F130F900188AE5 /* ViewController.swift */ = {isa = PBXFileReference; lastKnownFileType = sourcecode.swift; path = ViewController.swift; sourceTree = "<group>"; };
		4CF48B8F25F130F900188AE5 /* Assets.xcassets */ = {isa = PBXFileReference; lastKnownFileType = folder.assetcatalog; path = Assets.xcassets; sourceTree = "<group>"; };
		4CF48B9225F130F900188AE5 /* Base */ = {isa = PBXFileReference; lastKnownFileType = file.storyboard; name = Base; path = Base.lproj/LaunchScreen.storyboard; sourceTree = "<group>"; };
		4CF48B9425F130F900188AE5 /* Info.plist */ = {isa = PBXFileReference; lastKnownFileType = text.plist.xml; path = Info.plist; sourceTree = "<group>"; };
		4CF48B9925F130F900188AE5 /* uitableTests.xctest */ = {isa = PBXFileReference; explicitFileType = wrapper.cfbundle; includeInIndex = 0; path = uitableTests.xctest; sourceTree = BUILT_PRODUCTS_DIR; };
		4CF48B9D25F130F900188AE5 /* uitableTests.swift */ = {isa = PBXFileReference; lastKnownFileType = sourcecode.swift; path = uitableTests.swift; sourceTree = "<group>"; };
		4CF48B9F25F130F900188AE5 /* Info.plist */ = {isa = PBXFileReference; lastKnownFileType = text.plist.xml; path = Info.plist; sourceTree = "<group>"; };
		4CF48BA425F130F900188AE5 /* uitableUITests.xctest */ = {isa = PBXFileReference; explicitFileType = wrapper.cfbundle; includeInIndex = 0; path = uitableUITests.xctest; sourceTree = BUILT_PRODUCTS_DIR; };
		4CF48BA825F130F900188AE5 /* uitableUITests.swift */ = {isa = PBXFileReference; lastKnownFileType = sourcecode.swift; path = uitableUITests.swift; sourceTree = "<group>"; };
		4CF48BAA25F130F900188AE5 /* Info.plist */ = {isa = PBXFileReference; lastKnownFileType = text.plist.xml; path = Info.plist; sourceTree = "<group>"; };
		4CF48BCD25F1333500188AE5 /* CellLoopDetail.swift */ = {isa = PBXFileReference; lastKnownFileType = sourcecode.swift; path = CellLoopDetail.swift; sourceTree = "<group>"; };
		4CF48BD225F1337B00188AE5 /* ColorUtils.swift */ = {isa = PBXFileReference; lastKnownFileType = sourcecode.swift; path = ColorUtils.swift; sourceTree = "<group>"; };
		4CF48BD725F133E200188AE5 /* WeatherResponse.swift */ = {isa = PBXFileReference; lastKnownFileType = sourcecode.swift; path = WeatherResponse.swift; sourceTree = "<group>"; };
		EA99184F29295993EA50C703 /* Pods-uitable.release.xcconfig */ = {isa = PBXFileReference; includeInIndex = 1; lastKnownFileType = text.xcconfig; name = "Pods-uitable.release.xcconfig"; path = "Target Support Files/Pods-uitable/Pods-uitable.release.xcconfig"; sourceTree = "<group>"; };
		FE19EF4FD03746375445EFDE /* Pods_uitable.framework */ = {isa = PBXFileReference; explicitFileType = wrapper.framework; includeInIndex = 0; path = Pods_uitable.framework; sourceTree = BUILT_PRODUCTS_DIR; };
/* End PBXFileReference section */

/* Begin PBXFrameworksBuildPhase section */
		4CF48B8025F130F900188AE5 /* Frameworks */ = {
			isa = PBXFrameworksBuildPhase;
			buildActionMask = 2147483647;
			files = (
				4C824B10260F479D001F0654 /* SimpleButton in Frameworks */,
				FE43D740741E68CE240C7BF4 /* Pods_uitable.framework in Frameworks */,
			);
			runOnlyForDeploymentPostprocessing = 0;
		};
		4CF48B9625F130F900188AE5 /* Frameworks */ = {
			isa = PBXFrameworksBuildPhase;
			buildActionMask = 2147483647;
			files = (
			);
			runOnlyForDeploymentPostprocessing = 0;
		};
		4CF48BA125F130F900188AE5 /* Frameworks */ = {
			isa = PBXFrameworksBuildPhase;
			buildActionMask = 2147483647;
			files = (
			);
			runOnlyForDeploymentPostprocessing = 0;
		};
/* End PBXFrameworksBuildPhase section */

/* Begin PBXGroup section */
		4C1B17F625F387B50055C16C /* article */ = {
			isa = PBXGroup;
			children = (
				4C1B17F725F387D70055C16C /* ArticleViewController.swift */,
				4C1B17FC25F38BED0055C16C /* BeanArticle.swift */,
				4C1B180125F39B900055C16C /* CellArticleDetail.swift */,
				4C38393025F5123400A8294E /* ArticleWebViewController.swift */,
			);
			path = article;
			sourceTree = "<group>";
		};
		4C3B073325FC834B00B35421 /* widget */ = {
			isa = PBXGroup;
			children = (
				4CAC163A25FF928C0099F8F6 /* UITableView+Extension.swift */,
				4C3B073425FC836A00B35421 /* DDPaddingLabel.swift */,
				4CB538DE260ECB8C00569649 /* ZCycleLayout.swift */,
				4CB538E3260ECBD400569649 /* ZCycleView.swift */,
				4CB538E8260ECC0200569649 /* ZPageControl.swift */,
			);
			path = widget;
			sourceTree = "<group>";
		};
		4C40501F261085CC00B51745 /* zfpage */ = {
			isa = PBXGroup;
			children = (
				4C40503B261089E800B51745 /* String+Utility.swift */,
				4C40503A261089E800B51745 /* UIView+Utility.swift */,
				4C4050332610895400B51745 /* ZFMultipleTabView.swift */,
				4C4050342610895400B51745 /* ZFMultipleTabViewConfig.swift */,
				4C405027261086EB00B51745 /* ZFCommonTabItemCell.swift */,
				4C405028261086EB00B51745 /* ZFCommonTabScrollView.swift */,
				4C4050212610860400B51745 /* ZFMultiTabChildPageViewController.swift */,
				4C4050202610860400B51745 /* ZFMultiTabPageViewController.swift */,
			);
			path = zfpage;
			sourceTree = "<group>";
		};
		4C48E41526109D7C0061B0B0 /* jx */ = {
			isa = PBXGroup;
			children = (
				4C48E41626109D890061B0B0 /* JXPagingViewRTLCompatible.swift */,
			);
			path = jx;
			sourceTree = "<group>";
		};
		4C48E41E26109E030061B0B0 /* 分类 */ = {
			isa = PBXGroup;
			children = (
				4C48E43B2610C2F00061B0B0 /* LoadDataListViewController.swift */,
				4C48E4362610C2C30061B0B0 /* LoadDataViewController.swift */,
				4C48E4312610C00A0061B0B0 /* PagingListBaseCell.swift */,
				4C48E42C2610BF7D0061B0B0 /* LoadDataCustomListViewController.swift */,
			);
			path = "分类";
			sourceTree = "<group>";
		};
		4C824AF3260F2C68001F0654 /* bean */ = {
			isa = PBXGroup;
			children = (
				4C824B02260F2D2B001F0654 /* CouponsData.swift */,
				4C824B00260F2D2B001F0654 /* CouponsResult.swift */,
				4C824B01260F2D2B001F0654 /* CouponsTbkTpwdCreateResponse.swift */,
				4C824B09260F2D97001F0654 /* CouponsPara.swift */,
			);
			path = bean;
			sourceTree = "<group>";
		};
		4C8470FB260EC35E008C5B48 /* 详情 */ = {
			isa = PBXGroup;
			children = (
				4C824AF3260F2C68001F0654 /* bean */,
				4C8470FC260EC394008C5B48 /* GoodsDetailControllerViewController.swift */,
				4CB538ED260ECD3000569649 /* CustomCollectionViewCell.swift */,
			);
			path = "详情";
			sourceTree = "<group>";
		};
		4C97417925F66ED8000C1B8B /* home */ = {
			isa = PBXGroup;
			children = (
				4C97417A25F66FE4000C1B8B /* MainViewController.swift */,
				4C97418225F6707E000C1B8B /* HomeViewController.swift */,
				4C97418725F671E5000C1B8B /* ActivityViewController.swift */,
				4C97418C25F67264000C1B8B /* FindViewController.swift */,
				4C97419125F67270000C1B8B /* CeViewController.swift */,
				4C97419625F6727E000C1B8B /* MeViewController.swift */,
			);
			path = home;
			sourceTree = "<group>";
		};
		4C9F006125F26310007BCEB0 /* api */ = {
			isa = PBXGroup;
			children = (
				4C9F006225F26325007BCEB0 /* ApiConstant.swift */,
			);
			path = api;
			sourceTree = "<group>";
		};
		4C9F006725F264AB007BCEB0 /* wan */ = {
			isa = PBXGroup;
			children = (
				4C1B17F625F387B50055C16C /* article */,
				4C9F006825F264CD007BCEB0 /* BeanWxList.swift */,
				4C9F007025F2684C007BCEB0 /* WxListController.swift */,
				4C9F007525F26CA5007BCEB0 /* CellWxAuthor.swift */,
			);
			path = wan;
			sourceTree = "<group>";
		};
		4CDEE82E25F8FD4F00AA395F /* BaseControllers */ = {
			isa = PBXGroup;
			children = (
				4CDEE82F25F8FD7C00AA395F /* BaseViewController.swift */,
				4CDEE83425F8FE7200AA395F /* CustomNavigationControllerViewController.swift */,
			);
			path = BaseControllers;
			sourceTree = "<group>";
		};
		4CE2233B26023DBE00F4C43D /* utils */ = {
			isa = PBXGroup;
			children = (
				4CF48BD225F1337B00188AE5 /* ColorUtils.swift */,
				4CE2233C26023DE100F4C43D /* AppFontUtils.swift */,
			);
			path = utils;
			sourceTree = "<group>";
		};
		4CEC695C25FBA58700D70B7E /* 领券联盟 */ = {
			isa = PBXGroup;
			children = (
				4C48E41E26109E030061B0B0 /* 分类 */,
				4C40502E2610885000B51745 /* ZFDemoViewController.swift */,
				4C8470FB260EC35E008C5B48 /* 详情 */,
				4CEC696925FBA5D200D70B7E /* 特惠 */,
				4CEC696525FBA5BA00D70B7E /* api */,
			);
			path = "领券联盟";
			sourceTree = "<group>";
		};
		4CEC696525FBA5BA00D70B7E /* api */ = {
			isa = PBXGroup;
			children = (
				4CEC695D25FBA5AF00D70B7E /* UnionApi.swift */,
			);
			path = api;
			sourceTree = "<group>";
		};
		4CEC696925FBA5D200D70B7E /* 特惠 */ = {
			isa = PBXGroup;
			children = (
				4CEC699725FBAECB00D70B7E /* cell */,
				4CEC697225FBA71100D70B7E /* bean */,
				4CEC696A25FBA69300D70B7E /* PreferentialViewController.swift */,
			);
			path = "特惠";
			sourceTree = "<group>";
		};
		4CEC697225FBA71100D70B7E /* bean */ = {
			isa = PBXGroup;
			children = (
				4CEC697725FBA95900D70B7E /* RootClass.swift */,
			);
			path = bean;
			sourceTree = "<group>";
		};
		4CEC699725FBAECB00D70B7E /* cell */ = {
			isa = PBXGroup;
			children = (
				4CEC699825FBAEF300D70B7E /* PreferentialCellTableViewCell.swift */,
			);
			path = cell;
			sourceTree = "<group>";
		};
		4CF48B7A25F130F800188AE5 = {
			isa = PBXGroup;
			children = (
				4CF48B8525F130F900188AE5 /* uitable */,
				4CF48B9C25F130F900188AE5 /* uitableTests */,
				4CF48BA725F130F900188AE5 /* uitableUITests */,
				4CF48B8425F130F900188AE5 /* Products */,
				971630E81A4333BC8FF81A43 /* Pods */,
				FEACA32E28CADE3BB359265B /* Frameworks */,
			);
			sourceTree = "<group>";
		};
		4CF48B8425F130F900188AE5 /* Products */ = {
			isa = PBXGroup;
			children = (
				4CF48B8325F130F900188AE5 /* uitable.app */,
				4CF48B9925F130F900188AE5 /* uitableTests.xctest */,
				4CF48BA425F130F900188AE5 /* uitableUITests.xctest */,
			);
			name = Products;
			sourceTree = "<group>";
		};
		4CF48B8525F130F900188AE5 /* uitable */ = {
			isa = PBXGroup;
			children = (
				4C48E41526109D7C0061B0B0 /* jx */,
				4C40501F261085CC00B51745 /* zfpage */,
				4CE2233B26023DBE00F4C43D /* utils */,
				4C3B073325FC834B00B35421 /* widget */,
				4CEC695C25FBA58700D70B7E /* 领券联盟 */,
				4CDEE82E25F8FD4F00AA395F /* BaseControllers */,
				4C97417925F66ED8000C1B8B /* home */,
				4C9F006725F264AB007BCEB0 /* wan */,
				4C9F006125F26310007BCEB0 /* api */,
				4CF48B8625F130F900188AE5 /* AppDelegate.swift */,
				4CF48B8825F130F900188AE5 /* SceneDelegate.swift */,
				4CF48B8A25F130F900188AE5 /* ViewController.swift */,
				4CF48B8F25F130F900188AE5 /* Assets.xcassets */,
				4CF48B9125F130F900188AE5 /* LaunchScreen.storyboard */,
				4CF48B9425F130F900188AE5 /* Info.plist */,
				4CF48BCD25F1333500188AE5 /* CellLoopDetail.swift */,
				4CF48BD725F133E200188AE5 /* WeatherResponse.swift */,
				4C40504126108A9500B51745 /* BlackViewController.swift */,
			);
			path = uitable;
			sourceTree = "<group>";
		};
		4CF48B9C25F130F900188AE5 /* uitableTests */ = {
			isa = PBXGroup;
			children = (
				4CF48B9D25F130F900188AE5 /* uitableTests.swift */,
				4CF48B9F25F130F900188AE5 /* Info.plist */,
			);
			path = uitableTests;
			sourceTree = "<group>";
		};
		4CF48BA725F130F900188AE5 /* uitableUITests */ = {
			isa = PBXGroup;
			children = (
				4CF48BA825F130F900188AE5 /* uitableUITests.swift */,
				4CF48BAA25F130F900188AE5 /* Info.plist */,
			);
			path = uitableUITests;
			sourceTree = "<group>";
		};
		971630E81A4333BC8FF81A43 /* Pods */ = {
			isa = PBXGroup;
			children = (
				0E50B26EAE7EE38975195D2B /* Pods-uitable.debug.xcconfig */,
				EA99184F29295993EA50C703 /* Pods-uitable.release.xcconfig */,
			);
			path = Pods;
			sourceTree = "<group>";
		};
		FEACA32E28CADE3BB359265B /* Frameworks */ = {
			isa = PBXGroup;
			children = (
				FE19EF4FD03746375445EFDE /* Pods_uitable.framework */,
			);
			name = Frameworks;
			sourceTree = "<group>";
		};
/* End PBXGroup section */

/* Begin PBXNativeTarget section */
		4CF48B8225F130F900188AE5 /* uitable */ = {
			isa = PBXNativeTarget;
			buildConfigurationList = 4CF48BAD25F130F900188AE5 /* Build configuration list for PBXNativeTarget "uitable" */;
			buildPhases = (
				239851496C1D3C99189B8705 /* [CP] Check Pods Manifest.lock */,
				4CF48B7F25F130F900188AE5 /* Sources */,
				4CF48B8025F130F900188AE5 /* Frameworks */,
				4CF48B8125F130F900188AE5 /* Resources */,
				66B572857709F39D8AA4BC38 /* [CP] Embed Pods Frameworks */,
			);
			buildRules = (
			);
			dependencies = (
			);
			name = uitable;
			packageProductDependencies = (
				4C824B0F260F479D001F0654 /* SimpleButton */,
			);
			productName = uitable;
			productReference = 4CF48B8325F130F900188AE5 /* uitable.app */;
			productType = "com.apple.product-type.application";
		};
		4CF48B9825F130F900188AE5 /* uitableTests */ = {
			isa = PBXNativeTarget;
			buildConfigurationList = 4CF48BB025F130F900188AE5 /* Build configuration list for PBXNativeTarget "uitableTests" */;
			buildPhases = (
				4CF48B9525F130F900188AE5 /* Sources */,
				4CF48B9625F130F900188AE5 /* Frameworks */,
				4CF48B9725F130F900188AE5 /* Resources */,
			);
			buildRules = (
			);
			dependencies = (
				4CF48B9B25F130F900188AE5 /* PBXTargetDependency */,
			);
			name = uitableTests;
			productName = uitableTests;
			productReference = 4CF48B9925F130F900188AE5 /* uitableTests.xctest */;
			productType = "com.apple.product-type.bundle.unit-test";
		};
		4CF48BA325F130F900188AE5 /* uitableUITests */ = {
			isa = PBXNativeTarget;
			buildConfigurationList = 4CF48BB325F130F900188AE5 /* Build configuration list for PBXNativeTarget "uitableUITests" */;
			buildPhases = (
				4CF48BA025F130F900188AE5 /* Sources */,
				4CF48BA125F130F900188AE5 /* Frameworks */,
				4CF48BA225F130F900188AE5 /* Resources */,
			);
			buildRules = (
			);
			dependencies = (
				4CF48BA625F130F900188AE5 /* PBXTargetDependency */,
			);
			name = uitableUITests;
			productName = uitableUITests;
			productReference = 4CF48BA425F130F900188AE5 /* uitableUITests.xctest */;
			productType = "com.apple.product-type.bundle.ui-testing";
		};
/* End PBXNativeTarget section */

/* Begin PBXProject section */
		4CF48B7B25F130F800188AE5 /* Project object */ = {
			isa = PBXProject;
			attributes = {
				LastSwiftUpdateCheck = 1240;
				LastUpgradeCheck = 1240;
				TargetAttributes = {
					4CF48B8225F130F900188AE5 = {
						CreatedOnToolsVersion = 12.4;
					};
					4CF48B9825F130F900188AE5 = {
						CreatedOnToolsVersion = 12.4;
						TestTargetID = 4CF48B8225F130F900188AE5;
					};
					4CF48BA325F130F900188AE5 = {
						CreatedOnToolsVersion = 12.4;
						TestTargetID = 4CF48B8225F130F900188AE5;
					};
				};
			};
			buildConfigurationList = 4CF48B7E25F130F800188AE5 /* Build configuration list for PBXProject "uitable" */;
			compatibilityVersion = "Xcode 9.3";
			developmentRegion = en;
			hasScannedForEncodings = 0;
			knownRegions = (
				en,
				Base,
			);
			mainGroup = 4CF48B7A25F130F800188AE5;
			packageReferences = (
				4C824B0E260F479D001F0654 /* XCRemoteSwiftPackageReference "SimpleButton" */,
			);
			productRefGroup = 4CF48B8425F130F900188AE5 /* Products */;
			projectDirPath = "";
			projectRoot = "";
			targets = (
				4CF48B8225F130F900188AE5 /* uitable */,
				4CF48B9825F130F900188AE5 /* uitableTests */,
				4CF48BA325F130F900188AE5 /* uitableUITests */,
			);
		};
/* End PBXProject section */

/* Begin PBXResourcesBuildPhase section */
		4CF48B8125F130F900188AE5 /* Resources */ = {
			isa = PBXResourcesBuildPhase;
			buildActionMask = 2147483647;
			files = (
				4CF48B9325F130F900188AE5 /* LaunchScreen.storyboard in Resources */,
				4CF48B9025F130F900188AE5 /* Assets.xcassets in Resources */,
			);
			runOnlyForDeploymentPostprocessing = 0;
		};
		4CF48B9725F130F900188AE5 /* Resources */ = {
			isa = PBXResourcesBuildPhase;
			buildActionMask = 2147483647;
			files = (
			);
			runOnlyForDeploymentPostprocessing = 0;
		};
		4CF48BA225F130F900188AE5 /* Resources */ = {
			isa = PBXResourcesBuildPhase;
			buildActionMask = 2147483647;
			files = (
			);
			runOnlyForDeploymentPostprocessing = 0;
		};
/* End PBXResourcesBuildPhase section */

/* Begin PBXShellScriptBuildPhase section */
		239851496C1D3C99189B8705 /* [CP] Check Pods Manifest.lock */ = {
			isa = PBXShellScriptBuildPhase;
			buildActionMask = 2147483647;
			files = (
			);
			inputFileListPaths = (
			);
			inputPaths = (
				"${PODS_PODFILE_DIR_PATH}/Podfile.lock",
				"${PODS_ROOT}/Manifest.lock",
			);
			name = "[CP] Check Pods Manifest.lock";
			outputFileListPaths = (
			);
			outputPaths = (
				"$(DERIVED_FILE_DIR)/Pods-uitable-checkManifestLockResult.txt",
			);
			runOnlyForDeploymentPostprocessing = 0;
			shellPath = /bin/sh;
			shellScript = "diff \"${PODS_PODFILE_DIR_PATH}/Podfile.lock\" \"${PODS_ROOT}/Manifest.lock\" > /dev/null\nif [ $? != 0 ] ; then\n    # print error to STDERR\n    echo \"error: The sandbox is not in sync with the Podfile.lock. Run 'pod install' or update your CocoaPods installation.\" >&2\n    exit 1\nfi\n# This output is used by Xcode 'outputs' to avoid re-running this script phase.\necho \"SUCCESS\" > \"${SCRIPT_OUTPUT_FILE_0}\"\n";
			showEnvVarsInLog = 0;
		};
		66B572857709F39D8AA4BC38 /* [CP] Embed Pods Frameworks */ = {
			isa = PBXShellScriptBuildPhase;
			buildActionMask = 2147483647;
			files = (
			);
			inputFileListPaths = (
				"${PODS_ROOT}/Target Support Files/Pods-uitable/Pods-uitable-frameworks-${CONFIGURATION}-input-files.xcfilelist",
			);
			name = "[CP] Embed Pods Frameworks";
			outputFileListPaths = (
				"${PODS_ROOT}/Target Support Files/Pods-uitable/Pods-uitable-frameworks-${CONFIGURATION}-output-files.xcfilelist",
			);
			runOnlyForDeploymentPostprocessing = 0;
			shellPath = /bin/sh;
			shellScript = "\"${PODS_ROOT}/Target Support Files/Pods-uitable/Pods-uitable-frameworks.sh\"\n";
			showEnvVarsInLog = 0;
		};
/* End PBXShellScriptBuildPhase section */

/* Begin PBXSourcesBuildPhase section */
		4CF48B7F25F130F900188AE5 /* Sources */ = {
			isa = PBXSourcesBuildPhase;
			buildActionMask = 2147483647;
			files = (
				4C40502A261086EB00B51745 /* ZFCommonTabScrollView.swift in Sources */,
				4C8470FD260EC394008C5B48 /* GoodsDetailControllerViewController.swift in Sources */,
				4CEC699925FBAEF300D70B7E /* PreferentialCellTableViewCell.swift in Sources */,
				4CF48B8B25F130F900188AE5 /* ViewController.swift in Sources */,
				4CDEE83525F8FE7200AA395F /* CustomNavigationControllerViewController.swift in Sources */,
				4C48E42D2610BF7D0061B0B0 /* LoadDataCustomListViewController.swift in Sources */,
				4C9F007625F26CA5007BCEB0 /* CellWxAuthor.swift in Sources */,
				4C824B03260F2D2B001F0654 /* CouponsResult.swift in Sources */,
				4C48E43C2610C2F00061B0B0 /* LoadDataListViewController.swift in Sources */,
				4CEC697D25FBA95A00D70B7E /* RootClass.swift in Sources */,
				4C1B180225F39B900055C16C /* CellArticleDetail.swift in Sources */,
				4C48E4322610C00A0061B0B0 /* PagingListBaseCell.swift in Sources */,
				4C3B073525FC836A00B35421 /* DDPaddingLabel.swift in Sources */,
				4C9F006325F26325007BCEB0 /* ApiConstant.swift in Sources */,
				4CE2233D26023DE100F4C43D /* AppFontUtils.swift in Sources */,
				4CEC695E25FBA5AF00D70B7E /* UnionApi.swift in Sources */,
				4C4050232610860400B51745 /* ZFMultiTabChildPageViewController.swift in Sources */,
				4C97418825F671E5000C1B8B /* ActivityViewController.swift in Sources */,
				4CDEE83025F8FD7C00AA395F /* BaseViewController.swift in Sources */,
				4C4050352610895400B51745 /* ZFMultipleTabView.swift in Sources */,
				4C97418D25F67264000C1B8B /* FindViewController.swift in Sources */,
				4C824B04260F2D2B001F0654 /* CouponsTbkTpwdCreateResponse.swift in Sources */,
				4CF48B8725F130F900188AE5 /* AppDelegate.swift in Sources */,
				4C4050222610860400B51745 /* ZFMultiTabPageViewController.swift in Sources */,
				4CEC696B25FBA69300D70B7E /* PreferentialViewController.swift in Sources */,
				4C824B05260F2D2B001F0654 /* CouponsData.swift in Sources */,
				4CB538E9260ECC0200569649 /* ZPageControl.swift in Sources */,
				4CB538E4260ECBD400569649 /* ZCycleView.swift in Sources */,
				4CF48B8925F130F900188AE5 /* SceneDelegate.swift in Sources */,
				4C1B17F825F387D70055C16C /* ArticleViewController.swift in Sources */,
				4C405029261086EB00B51745 /* ZFCommonTabItemCell.swift in Sources */,
				4C9F006925F264CD007BCEB0 /* BeanWxList.swift in Sources */,
				4C48E41726109D890061B0B0 /* JXPagingViewRTLCompatible.swift in Sources */,
				4C40503D261089E900B51745 /* String+Utility.swift in Sources */,
				4C48E4372610C2C30061B0B0 /* LoadDataViewController.swift in Sources */,
				4C4050362610895400B51745 /* ZFMultipleTabViewConfig.swift in Sources */,
				4C97419725F6727E000C1B8B /* MeViewController.swift in Sources */,
				4C40504226108A9500B51745 /* BlackViewController.swift in Sources */,
				4CB538DF260ECB8C00569649 /* ZCycleLayout.swift in Sources */,
				4CF48BD825F133E200188AE5 /* WeatherResponse.swift in Sources */,
				4C824B0A260F2D97001F0654 /* CouponsPara.swift in Sources */,
				4C97419225F67270000C1B8B /* CeViewController.swift in Sources */,
				4CB538EE260ECD3000569649 /* CustomCollectionViewCell.swift in Sources */,
				4C97417B25F66FE4000C1B8B /* MainViewController.swift in Sources */,
				4CF48BD325F1337B00188AE5 /* ColorUtils.swift in Sources */,
				4C97418325F6707E000C1B8B /* HomeViewController.swift in Sources */,
				4CAC163B25FF928C0099F8F6 /* UITableView+Extension.swift in Sources */,
				4CF48BCE25F1333500188AE5 /* CellLoopDetail.swift in Sources */,
				4C40503C261089E900B51745 /* UIView+Utility.swift in Sources */,
				4C1B17FD25F38BED0055C16C /* BeanArticle.swift in Sources */,
				4C38393125F5123400A8294E /* ArticleWebViewController.swift in Sources */,
				4C40502F2610885000B51745 /* ZFDemoViewController.swift in Sources */,
				4C9F007125F2684C007BCEB0 /* WxListController.swift in Sources */,
			);
			runOnlyForDeploymentPostprocessing = 0;
		};
		4CF48B9525F130F900188AE5 /* Sources */ = {
			isa = PBXSourcesBuildPhase;
			buildActionMask = 2147483647;
			files = (
				4CF48B9E25F130F900188AE5 /* uitableTests.swift in Sources */,
			);
			runOnlyForDeploymentPostprocessing = 0;
		};
		4CF48BA025F130F900188AE5 /* Sources */ = {
			isa = PBXSourcesBuildPhase;
			buildActionMask = 2147483647;
			files = (
				4CF48BA925F130F900188AE5 /* uitableUITests.swift in Sources */,
			);
			runOnlyForDeploymentPostprocessing = 0;
		};
/* End PBXSourcesBuildPhase section */

/* Begin PBXTargetDependency section */
		4CF48B9B25F130F900188AE5 /* PBXTargetDependency */ = {
			isa = PBXTargetDependency;
			target = 4CF48B8225F130F900188AE5 /* uitable */;
			targetProxy = 4CF48B9A25F130F900188AE5 /* PBXContainerItemProxy */;
		};
		4CF48BA625F130F900188AE5 /* PBXTargetDependency */ = {
			isa = PBXTargetDependency;
			target = 4CF48B8225F130F900188AE5 /* uitable */;
			targetProxy = 4CF48BA525F130F900188AE5 /* PBXContainerItemProxy */;
		};
/* End PBXTargetDependency section */

/* Begin PBXVariantGroup section */
		4CF48B9125F130F900188AE5 /* LaunchScreen.storyboard */ = {
			isa = PBXVariantGroup;
			children = (
				4CF48B9225F130F900188AE5 /* Base */,
			);
			name = LaunchScreen.storyboard;
			sourceTree = "<group>";
		};
/* End PBXVariantGroup section */

/* Begin XCBuildConfiguration section */
		4CF48BAB25F130F900188AE5 /* Debug */ = {
			isa = XCBuildConfiguration;
			buildSettings = {
				ALWAYS_SEARCH_USER_PATHS = NO;
				CLANG_ANALYZER_NONNULL = YES;
				CLANG_ANALYZER_NUMBER_OBJECT_CONVERSION = YES_AGGRESSIVE;
				CLANG_CXX_LANGUAGE_STANDARD = "gnu++14";
				CLANG_CXX_LIBRARY = "libc++";
				CLANG_ENABLE_MODULES = YES;
				CLANG_ENABLE_OBJC_ARC = YES;
				CLANG_ENABLE_OBJC_WEAK = YES;
				CLANG_WARN_BLOCK_CAPTURE_AUTORELEASING = YES;
				CLANG_WARN_BOOL_CONVERSION = YES;
				CLANG_WARN_COMMA = YES;
				CLANG_WARN_CONSTANT_CONVERSION = YES;
				CLANG_WARN_DEPRECATED_OBJC_IMPLEMENTATIONS = YES;
				CLANG_WARN_DIRECT_OBJC_ISA_USAGE = YES_ERROR;
				CLANG_WARN_DOCUMENTATION_COMMENTS = YES;
				CLANG_WARN_EMPTY_BODY = YES;
				CLANG_WARN_ENUM_CONVERSION = YES;
				CLANG_WARN_INFINITE_RECURSION = YES;
				CLANG_WARN_INT_CONVERSION = YES;
				CLANG_WARN_NON_LITERAL_NULL_CONVERSION = YES;
				CLANG_WARN_OBJC_IMPLICIT_RETAIN_SELF = YES;
				CLANG_WARN_OBJC_LITERAL_CONVERSION = YES;
				CLANG_WARN_OBJC_ROOT_CLASS = YES_ERROR;
				CLANG_WARN_QUOTED_INCLUDE_IN_FRAMEWORK_HEADER = YES;
				CLANG_WARN_RANGE_LOOP_ANALYSIS = YES;
				CLANG_WARN_STRICT_PROTOTYPES = YES;
				CLANG_WARN_SUSPICIOUS_MOVE = YES;
				CLANG_WARN_UNGUARDED_AVAILABILITY = YES_AGGRESSIVE;
				CLANG_WARN_UNREACHABLE_CODE = YES;
				CLANG_WARN__DUPLICATE_METHOD_MATCH = YES;
				COPY_PHASE_STRIP = NO;
				DEBUG_INFORMATION_FORMAT = dwarf;
				ENABLE_STRICT_OBJC_MSGSEND = YES;
				ENABLE_TESTABILITY = YES;
				GCC_C_LANGUAGE_STANDARD = gnu11;
				GCC_DYNAMIC_NO_PIC = NO;
				GCC_NO_COMMON_BLOCKS = YES;
				GCC_OPTIMIZATION_LEVEL = 0;
				GCC_PREPROCESSOR_DEFINITIONS = (
					"DEBUG=1",
					"$(inherited)",
				);
				GCC_WARN_64_TO_32_BIT_CONVERSION = YES;
				GCC_WARN_ABOUT_RETURN_TYPE = YES_ERROR;
				GCC_WARN_UNDECLARED_SELECTOR = YES;
				GCC_WARN_UNINITIALIZED_AUTOS = YES_AGGRESSIVE;
				GCC_WARN_UNUSED_FUNCTION = YES;
				GCC_WARN_UNUSED_VARIABLE = YES;
				IPHONEOS_DEPLOYMENT_TARGET = 14.4;
				MTL_ENABLE_DEBUG_INFO = INCLUDE_SOURCE;
				MTL_FAST_MATH = YES;
				ONLY_ACTIVE_ARCH = YES;
				SDKROOT = iphoneos;
				SWIFT_ACTIVE_COMPILATION_CONDITIONS = DEBUG;
				SWIFT_OPTIMIZATION_LEVEL = "-Onone";
			};
			name = Debug;
		};
		4CF48BAC25F130F900188AE5 /* Release */ = {
			isa = XCBuildConfiguration;
			buildSettings = {
				ALWAYS_SEARCH_USER_PATHS = NO;
				CLANG_ANALYZER_NONNULL = YES;
				CLANG_ANALYZER_NUMBER_OBJECT_CONVERSION = YES_AGGRESSIVE;
				CLANG_CXX_LANGUAGE_STANDARD = "gnu++14";
				CLANG_CXX_LIBRARY = "libc++";
				CLANG_ENABLE_MODULES = YES;
				CLANG_ENABLE_OBJC_ARC = YES;
				CLANG_ENABLE_OBJC_WEAK = YES;
				CLANG_WARN_BLOCK_CAPTURE_AUTORELEASING = YES;
				CLANG_WARN_BOOL_CONVERSION = YES;
				CLANG_WARN_COMMA = YES;
				CLANG_WARN_CONSTANT_CONVERSION = YES;
				CLANG_WARN_DEPRECATED_OBJC_IMPLEMENTATIONS = YES;
				CLANG_WARN_DIRECT_OBJC_ISA_USAGE = YES_ERROR;
				CLANG_WARN_DOCUMENTATION_COMMENTS = YES;
				CLANG_WARN_EMPTY_BODY = YES;
				CLANG_WARN_ENUM_CONVERSION = YES;
				CLANG_WARN_INFINITE_RECURSION = YES;
				CLANG_WARN_INT_CONVERSION = YES;
				CLANG_WARN_NON_LITERAL_NULL_CONVERSION = YES;
				CLANG_WARN_OBJC_IMPLICIT_RETAIN_SELF = YES;
				CLANG_WARN_OBJC_LITERAL_CONVERSION = YES;
				CLANG_WARN_OBJC_ROOT_CLASS = YES_ERROR;
				CLANG_WARN_QUOTED_INCLUDE_IN_FRAMEWORK_HEADER = YES;
				CLANG_WARN_RANGE_LOOP_ANALYSIS = YES;
				CLANG_WARN_STRICT_PROTOTYPES = YES;
				CLANG_WARN_SUSPICIOUS_MOVE = YES;
				CLANG_WARN_UNGUARDED_AVAILABILITY = YES_AGGRESSIVE;
				CLANG_WARN_UNREACHABLE_CODE = YES;
				CLANG_WARN__DUPLICATE_METHOD_MATCH = YES;
				COPY_PHASE_STRIP = NO;
				DEBUG_INFORMATION_FORMAT = "dwarf-with-dsym";
				ENABLE_NS_ASSERTIONS = NO;
				ENABLE_STRICT_OBJC_MSGSEND = YES;
				GCC_C_LANGUAGE_STANDARD = gnu11;
				GCC_NO_COMMON_BLOCKS = YES;
				GCC_WARN_64_TO_32_BIT_CONVERSION = YES;
				GCC_WARN_ABOUT_RETURN_TYPE = YES_ERROR;
				GCC_WARN_UNDECLARED_SELECTOR = YES;
				GCC_WARN_UNINITIALIZED_AUTOS = YES_AGGRESSIVE;
				GCC_WARN_UNUSED_FUNCTION = YES;
				GCC_WARN_UNUSED_VARIABLE = YES;
				IPHONEOS_DEPLOYMENT_TARGET = 14.4;
				MTL_ENABLE_DEBUG_INFO = NO;
				MTL_FAST_MATH = YES;
				SDKROOT = iphoneos;
				SWIFT_COMPILATION_MODE = wholemodule;
				SWIFT_OPTIMIZATION_LEVEL = "-O";
				VALIDATE_PRODUCT = YES;
			};
			name = Release;
		};
		4CF48BAE25F130F900188AE5 /* Debug */ = {
			isa = XCBuildConfiguration;
			baseConfigurationReference = 0E50B26EAE7EE38975195D2B /* Pods-uitable.debug.xcconfig */;
			buildSettings = {
				ASSETCATALOG_COMPILER_APPICON_NAME = AppIcon;
				ASSETCATALOG_COMPILER_GLOBAL_ACCENT_COLOR_NAME = AccentColor;
				CODE_SIGN_STYLE = Automatic;
				DEVELOPMENT_TEAM = GFFUJ9X3MN;
				INFOPLIST_FILE = uitable/Info.plist;
				IPHONEOS_DEPLOYMENT_TARGET = 13.0;
				LD_RUNPATH_SEARCH_PATHS = (
					"$(inherited)",
					"@executable_path/Frameworks",
				);
				PRODUCT_BUNDLE_IDENTIFIER = cn.alice.demo.uitable;
				PRODUCT_NAME = "$(TARGET_NAME)";
				SWIFT_VERSION = 5.0;
				TARGETED_DEVICE_FAMILY = 1;
			};
			name = Debug;
		};
		4CF48BAF25F130F900188AE5 /* Release */ = {
			isa = XCBuildConfiguration;
			baseConfigurationReference = EA99184F29295993EA50C703 /* Pods-uitable.release.xcconfig */;
			buildSettings = {
				ASSETCATALOG_COMPILER_APPICON_NAME = AppIcon;
				ASSETCATALOG_COMPILER_GLOBAL_ACCENT_COLOR_NAME = AccentColor;
				CODE_SIGN_STYLE = Automatic;
				DEVELOPMENT_TEAM = GFFUJ9X3MN;
				INFOPLIST_FILE = uitable/Info.plist;
				IPHONEOS_DEPLOYMENT_TARGET = 13.0;
				LD_RUNPATH_SEARCH_PATHS = (
					"$(inherited)",
					"@executable_path/Frameworks",
				);
				PRODUCT_BUNDLE_IDENTIFIER = cn.alice.demo.uitable;
				PRODUCT_NAME = "$(TARGET_NAME)";
				SWIFT_VERSION = 5.0;
				TARGETED_DEVICE_FAMILY = 1;
			};
			name = Release;
		};
		4CF48BB125F130F900188AE5 /* Debug */ = {
			isa = XCBuildConfiguration;
			buildSettings = {
				ALWAYS_EMBED_SWIFT_STANDARD_LIBRARIES = YES;
				BUNDLE_LOADER = "$(TEST_HOST)";
				CODE_SIGN_STYLE = Automatic;
				DEVELOPMENT_TEAM = GFFUJ9X3MN;
				INFOPLIST_FILE = uitableTests/Info.plist;
				IPHONEOS_DEPLOYMENT_TARGET = 14.4;
				LD_RUNPATH_SEARCH_PATHS = (
					"$(inherited)",
					"@executable_path/Frameworks",
					"@loader_path/Frameworks",
				);
				PRODUCT_BUNDLE_IDENTIFIER = cn.alice.demo.uitableTests;
				PRODUCT_NAME = "$(TARGET_NAME)";
				SWIFT_VERSION = 5.0;
				TARGETED_DEVICE_FAMILY = "1,2";
				TEST_HOST = "$(BUILT_PRODUCTS_DIR)/uitable.app/uitable";
			};
			name = Debug;
		};
		4CF48BB225F130F900188AE5 /* Release */ = {
			isa = XCBuildConfiguration;
			buildSettings = {
				ALWAYS_EMBED_SWIFT_STANDARD_LIBRARIES = YES;
				BUNDLE_LOADER = "$(TEST_HOST)";
				CODE_SIGN_STYLE = Automatic;
				DEVELOPMENT_TEAM = GFFUJ9X3MN;
				INFOPLIST_FILE = uitableTests/Info.plist;
				IPHONEOS_DEPLOYMENT_TARGET = 14.4;
				LD_RUNPATH_SEARCH_PATHS = (
					"$(inherited)",
					"@executable_path/Frameworks",
					"@loader_path/Frameworks",
				);
				PRODUCT_BUNDLE_IDENTIFIER = cn.alice.demo.uitableTests;
				PRODUCT_NAME = "$(TARGET_NAME)";
				SWIFT_VERSION = 5.0;
				TARGETED_DEVICE_FAMILY = "1,2";
				TEST_HOST = "$(BUILT_PRODUCTS_DIR)/uitable.app/uitable";
			};
			name = Release;
		};
		4CF48BB425F130F900188AE5 /* Debug */ = {
			isa = XCBuildConfiguration;
			buildSettings = {
				ALWAYS_EMBED_SWIFT_STANDARD_LIBRARIES = YES;
				CODE_SIGN_STYLE = Automatic;
				DEVELOPMENT_TEAM = GFFUJ9X3MN;
				INFOPLIST_FILE = uitableUITests/Info.plist;
				LD_RUNPATH_SEARCH_PATHS = (
					"$(inherited)",
					"@executable_path/Frameworks",
					"@loader_path/Frameworks",
				);
				PRODUCT_BUNDLE_IDENTIFIER = cn.alice.demo.uitableUITests;
				PRODUCT_NAME = "$(TARGET_NAME)";
				SWIFT_VERSION = 5.0;
				TARGETED_DEVICE_FAMILY = "1,2";
				TEST_TARGET_NAME = uitable;
			};
			name = Debug;
		};
		4CF48BB525F130F900188AE5 /* Release */ = {
			isa = XCBuildConfiguration;
			buildSettings = {
				ALWAYS_EMBED_SWIFT_STANDARD_LIBRARIES = YES;
				CODE_SIGN_STYLE = Automatic;
				DEVELOPMENT_TEAM = GFFUJ9X3MN;
				INFOPLIST_FILE = uitableUITests/Info.plist;
				LD_RUNPATH_SEARCH_PATHS = (
					"$(inherited)",
					"@executable_path/Frameworks",
					"@loader_path/Frameworks",
				);
				PRODUCT_BUNDLE_IDENTIFIER = cn.alice.demo.uitableUITests;
				PRODUCT_NAME = "$(TARGET_NAME)";
				SWIFT_VERSION = 5.0;
				TARGETED_DEVICE_FAMILY = "1,2";
				TEST_TARGET_NAME = uitable;
			};
			name = Release;
		};
/* End XCBuildConfiguration section */

/* Begin XCConfigurationList section */
		4CF48B7E25F130F800188AE5 /* Build configuration list for PBXProject "uitable" */ = {
			isa = XCConfigurationList;
			buildConfigurations = (
				4CF48BAB25F130F900188AE5 /* Debug */,
				4CF48BAC25F130F900188AE5 /* Release */,
			);
			defaultConfigurationIsVisible = 0;
			defaultConfigurationName = Release;
		};
		4CF48BAD25F130F900188AE5 /* Build configuration list for PBXNativeTarget "uitable" */ = {
			isa = XCConfigurationList;
			buildConfigurations = (
				4CF48BAE25F130F900188AE5 /* Debug */,
				4CF48BAF25F130F900188AE5 /* Release */,
			);
			defaultConfigurationIsVisible = 0;
			defaultConfigurationName = Release;
		};
		4CF48BB025F130F900188AE5 /* Build configuration list for PBXNativeTarget "uitableTests" */ = {
			isa = XCConfigurationList;
			buildConfigurations = (
				4CF48BB125F130F900188AE5 /* Debug */,
				4CF48BB225F130F900188AE5 /* Release */,
			);
			defaultConfigurationIsVisible = 0;
			defaultConfigurationName = Release;
		};
		4CF48BB325F130F900188AE5 /* Build configuration list for PBXNativeTarget "uitableUITests" */ = {
			isa = XCConfigurationList;
			buildConfigurations = (
				4CF48BB425F130F900188AE5 /* Debug */,
				4CF48BB525F130F900188AE5 /* Release */,
			);
			defaultConfigurationIsVisible = 0;
			defaultConfigurationName = Release;
		};
/* End XCConfigurationList section */

/* Begin XCRemoteSwiftPackageReference section */
		4C824B0E260F479D001F0654 /* XCRemoteSwiftPackageReference "SimpleButton" */ = {
			isa = XCRemoteSwiftPackageReference;
			repositoryURL = "https://github.com/allaboutapps/SimpleButton.git";
			requirement = {
				kind = upToNextMajorVersion;
				minimumVersion = 5.1.1;
			};
		};
/* End XCRemoteSwiftPackageReference section */

/* Begin XCSwiftPackageProductDependency section */
		4C824B0F260F479D001F0654 /* SimpleButton */ = {
			isa = XCSwiftPackageProductDependency;
			package = 4C824B0E260F479D001F0654 /* XCRemoteSwiftPackageReference "SimpleButton" */;
			productName = SimpleButton;
		};
/* End XCSwiftPackageProductDependency section */
	};
	rootObject = 4CF48B7B25F130F800188AE5 /* Project object */;
}
